// !$*UTF8*$!
{
	archiveVersion = 1;
	classes = {
	};
	objectVersion = 46;
	objects = {

/* Begin PBXBuildFile section */
		A203028A194282F1000FF9D1 /* RadialSubMenu.swift in Sources */ = {isa = PBXBuildFile; fileRef = A2030289194282F1000FF9D1 /* RadialSubMenu.swift */; };
		A205B8B219415FDE00C0E5A3 /* AppDelegate.swift in Sources */ = {isa = PBXBuildFile; fileRef = A205B8B119415FDE00C0E5A3 /* AppDelegate.swift */; };
		A205B8B419415FDE00C0E5A3 /* FirstViewController.swift in Sources */ = {isa = PBXBuildFile; fileRef = A205B8B319415FDE00C0E5A3 /* FirstViewController.swift */; };
		A205B8B619415FDE00C0E5A3 /* SecondViewController.swift in Sources */ = {isa = PBXBuildFile; fileRef = A205B8B519415FDE00C0E5A3 /* SecondViewController.swift */; };
		A205B8B919415FDE00C0E5A3 /* Main.storyboard in Resources */ = {isa = PBXBuildFile; fileRef = A205B8B719415FDE00C0E5A3 /* Main.storyboard */; };
		A205B8BB19415FDE00C0E5A3 /* Images.xcassets in Resources */ = {isa = PBXBuildFile; fileRef = A205B8BA19415FDE00C0E5A3 /* Images.xcassets */; };
		A205B8C719415FDF00C0E5A3 /* RadialMenuTests.swift in Sources */ = {isa = PBXBuildFile; fileRef = A205B8C619415FDF00C0E5A3 /* RadialMenuTests.swift */; };
		A21C293A1943707600514A22 /* RadialSubMenu.swift in Sources */ = {isa = PBXBuildFile; fileRef = A2030289194282F1000FF9D1 /* RadialSubMenu.swift */; };
		A21C293B1943707900514A22 /* RadialMenu.swift in Sources */ = {isa = PBXBuildFile; fileRef = A244F3D01941625B0081DCB6 /* RadialMenu.swift */; };
		A23919811943607F00822BD9 /* CircleHelpers.swift in Sources */ = {isa = PBXBuildFile; fileRef = A23919801943607F00822BD9 /* CircleHelpers.swift */; };
		A24289B719436310008DA89C /* CircleHelpersTests.swift in Sources */ = {isa = PBXBuildFile; fileRef = A24289B619436310008DA89C /* CircleHelpersTests.swift */; };
		A244F3D11941625B0081DCB6 /* RadialMenu.swift in Sources */ = {isa = PBXBuildFile; fileRef = A244F3D01941625B0081DCB6 /* RadialMenu.swift */; };
		A2A23B461946437600DDAE4F /* RadialSubMenuTests.swift in Sources */ = {isa = PBXBuildFile; fileRef = A2A23B451946437600DDAE4F /* RadialSubMenuTests.swift */; };
		A2C35FB119436C34005B3D24 /* CircleHelpers.swift in Sources */ = {isa = PBXBuildFile; fileRef = A23919801943607F00822BD9 /* CircleHelpers.swift */; };
		BFD7D541F1DB49F8840D1355 /* libPods.a in Frameworks */ = {isa = PBXBuildFile; fileRef = 94D3AA863A764DF0A5EE5918 /* libPods.a */; };
/* End PBXBuildFile section */

/* Begin PBXContainerItemProxy section */
		A205B8C119415FDF00C0E5A3 /* PBXContainerItemProxy */ = {
			isa = PBXContainerItemProxy;
			containerPortal = A205B8A419415FDE00C0E5A3 /* Project object */;
			proxyType = 1;
			remoteGlobalIDString = A205B8AB19415FDE00C0E5A3;
			remoteInfo = RadialMenu;
		};
		A20744FF194ABBE000188433 /* PBXContainerItemProxy */ = {
			isa = PBXContainerItemProxy;
			containerPortal = A205B8A419415FDE00C0E5A3 /* Project object */;
			proxyType = 1;
			remoteGlobalIDString = A205B8AB19415FDE00C0E5A3;
			remoteInfo = RadialMenu;
		};
		A24289B81943632F008DA89C /* PBXContainerItemProxy */ = {
			isa = PBXContainerItemProxy;
			containerPortal = A205B8A419415FDE00C0E5A3 /* Project object */;
			proxyType = 1;
			remoteGlobalIDString = A205B8AB19415FDE00C0E5A3;
			remoteInfo = RadialMenu;
		};
/* End PBXContainerItemProxy section */

/* Begin PBXFileReference section */
		696BA227E8D745F988E911E4 /* Pods.xcconfig */ = {isa = PBXFileReference; includeInIndex = 1; lastKnownFileType = text.xcconfig; name = Pods.xcconfig; path = Pods/Pods.xcconfig; sourceTree = "<group>"; };
		94D3AA863A764DF0A5EE5918 /* libPods.a */ = {isa = PBXFileReference; explicitFileType = archive.ar; includeInIndex = 0; path = libPods.a; sourceTree = BUILT_PRODUCTS_DIR; };
		A2030289194282F1000FF9D1 /* RadialSubMenu.swift */ = {isa = PBXFileReference; fileEncoding = 4; lastKnownFileType = sourcecode.swift; path = RadialSubMenu.swift; sourceTree = "<group>"; };
		A203028B1942939C000FF9D1 /* RadialMenuPlayground.playground */ = {isa = PBXFileReference; lastKnownFileType = file.playground; path = RadialMenuPlayground.playground; sourceTree = "<group>"; };
		A205B8AC19415FDE00C0E5A3 /* RadialMenu.app */ = {isa = PBXFileReference; explicitFileType = wrapper.application; includeInIndex = 0; path = RadialMenu.app; sourceTree = BUILT_PRODUCTS_DIR; };
		A205B8B019415FDE00C0E5A3 /* Info.plist */ = {isa = PBXFileReference; lastKnownFileType = text.plist.xml; path = Info.plist; sourceTree = "<group>"; };
		A205B8B119415FDE00C0E5A3 /* AppDelegate.swift */ = {isa = PBXFileReference; lastKnownFileType = sourcecode.swift; path = AppDelegate.swift; sourceTree = "<group>"; };
		A205B8B319415FDE00C0E5A3 /* FirstViewController.swift */ = {isa = PBXFileReference; lastKnownFileType = sourcecode.swift; path = FirstViewController.swift; sourceTree = "<group>"; };
		A205B8B519415FDE00C0E5A3 /* SecondViewController.swift */ = {isa = PBXFileReference; lastKnownFileType = sourcecode.swift; path = SecondViewController.swift; sourceTree = "<group>"; };
		A205B8B819415FDE00C0E5A3 /* Base */ = {isa = PBXFileReference; lastKnownFileType = file.storyboard; name = Base; path = Base.lproj/Main.storyboard; sourceTree = "<group>"; };
		A205B8BA19415FDE00C0E5A3 /* Images.xcassets */ = {isa = PBXFileReference; lastKnownFileType = folder.assetcatalog; path = Images.xcassets; sourceTree = "<group>"; };
		A205B8C019415FDF00C0E5A3 /* RadialMenuTests.xctest */ = {isa = PBXFileReference; explicitFileType = wrapper.cfbundle; includeInIndex = 0; path = RadialMenuTests.xctest; sourceTree = BUILT_PRODUCTS_DIR; };
		A205B8C519415FDF00C0E5A3 /* Info.plist */ = {isa = PBXFileReference; lastKnownFileType = text.plist.xml; path = Info.plist; sourceTree = "<group>"; };
		A205B8C619415FDF00C0E5A3 /* RadialMenuTests.swift */ = {isa = PBXFileReference; lastKnownFileType = sourcecode.swift; path = RadialMenuTests.swift; sourceTree = "<group>"; };
		A23919801943607F00822BD9 /* CircleHelpers.swift */ = {isa = PBXFileReference; fileEncoding = 4; lastKnownFileType = sourcecode.swift; path = CircleHelpers.swift; sourceTree = "<group>"; };
		A24289B619436310008DA89C /* CircleHelpersTests.swift */ = {isa = PBXFileReference; fileEncoding = 4; lastKnownFileType = sourcecode.swift; path = CircleHelpersTests.swift; sourceTree = "<group>"; };
		A244F3D01941625B0081DCB6 /* RadialMenu.swift */ = {isa = PBXFileReference; fileEncoding = 4; lastKnownFileType = sourcecode.swift; path = RadialMenu.swift; sourceTree = "<group>"; };
		A2A23B451946437600DDAE4F /* RadialSubMenuTests.swift */ = {isa = PBXFileReference; fileEncoding = 4; lastKnownFileType = sourcecode.swift; path = RadialSubMenuTests.swift; sourceTree = "<group>"; };
/* End PBXFileReference section */

/* Begin PBXFrameworksBuildPhase section */
		A205B8A919415FDE00C0E5A3 /* Frameworks */ = {
			isa = PBXFrameworksBuildPhase;
			buildActionMask = 2147483647;
			files = (
				BFD7D541F1DB49F8840D1355 /* libPods.a in Frameworks */,
			);
			runOnlyForDeploymentPostprocessing = 0;
		};
		A205B8BD19415FDF00C0E5A3 /* Frameworks */ = {
			isa = PBXFrameworksBuildPhase;
			buildActionMask = 2147483647;
			files = (
			);
			runOnlyForDeploymentPostprocessing = 0;
		};
/* End PBXFrameworksBuildPhase section */

/* Begin PBXGroup section */
		6C35E8CE8878416EA78E2631 /* Frameworks */ = {
			isa = PBXGroup;
			children = (
				94D3AA863A764DF0A5EE5918 /* libPods.a */,
			);
			name = Frameworks;
			sourceTree = "<group>";
		};
		A205B8A319415FDE00C0E5A3 = {
			isa = PBXGroup;
			children = (
				A2C35FB219436CDD005B3D24 /* RadialMenuExample */,
				A205B8AE19415FDE00C0E5A3 /* RadialMenu */,
				A205B8C319415FDF00C0E5A3 /* RadialMenuTests */,
				A205B8AD19415FDE00C0E5A3 /* Products */,
				696BA227E8D745F988E911E4 /* Pods.xcconfig */,
				6C35E8CE8878416EA78E2631 /* Frameworks */,
			);
			sourceTree = "<group>";
		};
		A205B8AD19415FDE00C0E5A3 /* Products */ = {
			isa = PBXGroup;
			children = (
				A205B8AC19415FDE00C0E5A3 /* RadialMenu.app */,
				A205B8C019415FDF00C0E5A3 /* RadialMenuTests.xctest */,
			);
			name = Products;
			sourceTree = "<group>";
		};
		A205B8AE19415FDE00C0E5A3 /* RadialMenu */ = {
			isa = PBXGroup;
			children = (
				A244F3D01941625B0081DCB6 /* RadialMenu.swift */,
				A2030289194282F1000FF9D1 /* RadialSubMenu.swift */,
				A23919801943607F00822BD9 /* CircleHelpers.swift */,
			);
			path = RadialMenu;
			sourceTree = "<group>";
		};
		A205B8AF19415FDE00C0E5A3 /* Supporting Files */ = {
			isa = PBXGroup;
			children = (
				A205B8B019415FDE00C0E5A3 /* Info.plist */,
			);
			path = "Supporting Files";
			sourceTree = "<group>";
		};
		A205B8C319415FDF00C0E5A3 /* RadialMenuTests */ = {
			isa = PBXGroup;
			children = (
				A205B8C619415FDF00C0E5A3 /* RadialMenuTests.swift */,
				A2A23B451946437600DDAE4F /* RadialSubMenuTests.swift */,
				A24289B619436310008DA89C /* CircleHelpersTests.swift */,
				A205B8C419415FDF00C0E5A3 /* Supporting Files */,
			);
			path = RadialMenuTests;
			sourceTree = "<group>";
		};
		A205B8C419415FDF00C0E5A3 /* Supporting Files */ = {
			isa = PBXGroup;
			children = (
				A205B8C519415FDF00C0E5A3 /* Info.plist */,
			);
			path = "Supporting Files";
			sourceTree = "<group>";
		};
		A2C35FB219436CDD005B3D24 /* RadialMenuExample */ = {
			isa = PBXGroup;
			children = (
				A203028B1942939C000FF9D1 /* RadialMenuPlayground.playground */,
				A205B8B119415FDE00C0E5A3 /* AppDelegate.swift */,
				A2C35FB419436D09005B3D24 /* View Controllers */,
				A2C35FB319436CFB005B3D24 /* Resources */,
				A205B8AF19415FDE00C0E5A3 /* Supporting Files */,
			);
			path = RadialMenuExample;
			sourceTree = "<group>";
		};
		A2C35FB319436CFB005B3D24 /* Resources */ = {
			isa = PBXGroup;
			children = (
				A205B8BA19415FDE00C0E5A3 /* Images.xcassets */,
				A205B8B719415FDE00C0E5A3 /* Main.storyboard */,
			);
			path = Resources;
			sourceTree = "<group>";
		};
		A2C35FB419436D09005B3D24 /* View Controllers */ = {
			isa = PBXGroup;
			children = (
				A205B8B319415FDE00C0E5A3 /* FirstViewController.swift */,
				A205B8B519415FDE00C0E5A3 /* SecondViewController.swift */,
			);
			path = "View Controllers";
			sourceTree = "<group>";
		};
/* End PBXGroup section */

/* Begin PBXNativeTarget section */
		A205B8AB19415FDE00C0E5A3 /* RadialMenu */ = {
			isa = PBXNativeTarget;
			buildConfigurationList = A205B8CA19415FDF00C0E5A3 /* Build configuration list for PBXNativeTarget "RadialMenu" */;
			buildPhases = (
				7FC4E313ABC6435B9FFC2A1F /* Check Pods Manifest.lock */,
				A205B8A819415FDE00C0E5A3 /* Sources */,
				A205B8A919415FDE00C0E5A3 /* Frameworks */,
				A205B8AA19415FDE00C0E5A3 /* Resources */,
				35DDBC1AEDED48ECB3193AFF /* Copy Pods Resources */,
			);
			buildRules = (
			);
			dependencies = (
			);
			name = RadialMenu;
			productName = RadialMenu;
			productReference = A205B8AC19415FDE00C0E5A3 /* RadialMenu.app */;
			productType = "com.apple.product-type.application";
		};
		A205B8BF19415FDF00C0E5A3 /* RadialMenuTests */ = {
			isa = PBXNativeTarget;
			buildConfigurationList = A205B8CD19415FDF00C0E5A3 /* Build configuration list for PBXNativeTarget "RadialMenuTests" */;
			buildPhases = (
				A205B8BC19415FDF00C0E5A3 /* Sources */,
				A205B8BD19415FDF00C0E5A3 /* Frameworks */,
				A205B8BE19415FDF00C0E5A3 /* Resources */,
			);
			buildRules = (
			);
			dependencies = (
				A205B8C219415FDF00C0E5A3 /* PBXTargetDependency */,
				A24289B91943632F008DA89C /* PBXTargetDependency */,
				A2074500194ABBE000188433 /* PBXTargetDependency */,
			);
			name = RadialMenuTests;
			productName = RadialMenuTests;
			productReference = A205B8C019415FDF00C0E5A3 /* RadialMenuTests.xctest */;
			productType = "com.apple.product-type.bundle.unit-test";
		};
/* End PBXNativeTarget section */

/* Begin PBXProject section */
		A205B8A419415FDE00C0E5A3 /* Project object */ = {
			isa = PBXProject;
			attributes = {
				LastUpgradeCheck = 0600;
				ORGANIZATIONNAME = "Brad Jasper";
				TargetAttributes = {
					A205B8AB19415FDE00C0E5A3 = {
						CreatedOnToolsVersion = 6.0;
					};
					A205B8BF19415FDF00C0E5A3 = {
						CreatedOnToolsVersion = 6.0;
						TestTargetID = A205B8AB19415FDE00C0E5A3;
					};
				};
			};
			buildConfigurationList = A205B8A719415FDE00C0E5A3 /* Build configuration list for PBXProject "RadialMenu" */;
			compatibilityVersion = "Xcode 3.2";
			developmentRegion = English;
			hasScannedForEncodings = 0;
			knownRegions = (
				en,
				Base,
			);
			mainGroup = A205B8A319415FDE00C0E5A3;
			productRefGroup = A205B8AD19415FDE00C0E5A3 /* Products */;
			projectDirPath = "";
			projectRoot = "";
			targets = (
				A205B8AB19415FDE00C0E5A3 /* RadialMenu */,
				A205B8BF19415FDF00C0E5A3 /* RadialMenuTests */,
			);
		};
/* End PBXProject section */

/* Begin PBXResourcesBuildPhase section */
		A205B8AA19415FDE00C0E5A3 /* Resources */ = {
			isa = PBXResourcesBuildPhase;
			buildActionMask = 2147483647;
			files = (
				A205B8B919415FDE00C0E5A3 /* Main.storyboard in Resources */,
				A205B8BB19415FDE00C0E5A3 /* Images.xcassets in Resources */,
			);
			runOnlyForDeploymentPostprocessing = 0;
		};
		A205B8BE19415FDF00C0E5A3 /* Resources */ = {
			isa = PBXResourcesBuildPhase;
			buildActionMask = 2147483647;
			files = (
			);
			runOnlyForDeploymentPostprocessing = 0;
		};
/* End PBXResourcesBuildPhase section */

/* Begin PBXShellScriptBuildPhase section */
		35DDBC1AEDED48ECB3193AFF /* Copy Pods Resources */ = {
			isa = PBXShellScriptBuildPhase;
			buildActionMask = 2147483647;
			files = (
			);
			inputPaths = (
			);
			name = "Copy Pods Resources";
			outputPaths = (
			);
			runOnlyForDeploymentPostprocessing = 0;
			shellPath = /bin/sh;
			shellScript = "\"${SRCROOT}/Pods/Pods-resources.sh\"\n";
			showEnvVarsInLog = 0;
		};
		7FC4E313ABC6435B9FFC2A1F /* Check Pods Manifest.lock */ = {
			isa = PBXShellScriptBuildPhase;
			buildActionMask = 2147483647;
			files = (
			);
			inputPaths = (
			);
			name = "Check Pods Manifest.lock";
			outputPaths = (
			);
			runOnlyForDeploymentPostprocessing = 0;
			shellPath = /bin/sh;
			shellScript = "diff \"${PODS_ROOT}/../Podfile.lock\" \"${PODS_ROOT}/Manifest.lock\" > /dev/null\nif [[ $? != 0 ]] ; then\n    cat << EOM\nerror: The sandbox is not in sync with the Podfile.lock. Run 'pod install' or update your CocoaPods installation.\nEOM\n    exit 1\nfi\n";
			showEnvVarsInLog = 0;
		};
/* End PBXShellScriptBuildPhase section */

/* Begin PBXSourcesBuildPhase section */
		A205B8A819415FDE00C0E5A3 /* Sources */ = {
			isa = PBXSourcesBuildPhase;
			buildActionMask = 2147483647;
			files = (
				A205B8B619415FDE00C0E5A3 /* SecondViewController.swift in Sources */,
				A203028A194282F1000FF9D1 /* RadialSubMenu.swift in Sources */,
				A244F3D11941625B0081DCB6 /* RadialMenu.swift in Sources */,
				A205B8B219415FDE00C0E5A3 /* AppDelegate.swift in Sources */,
				A205B8B419415FDE00C0E5A3 /* FirstViewController.swift in Sources */,
				A23919811943607F00822BD9 /* CircleHelpers.swift in Sources */,
			);
			runOnlyForDeploymentPostprocessing = 0;
		};
		A205B8BC19415FDF00C0E5A3 /* Sources */ = {
			isa = PBXSourcesBuildPhase;
			buildActionMask = 2147483647;
			files = (
				A2A23B461946437600DDAE4F /* RadialSubMenuTests.swift in Sources */,
				A205B8C719415FDF00C0E5A3 /* RadialMenuTests.swift in Sources */,
				A24289B719436310008DA89C /* CircleHelpersTests.swift in Sources */,
				A2C35FB119436C34005B3D24 /* CircleHelpers.swift in Sources */,
				A21C293B1943707900514A22 /* RadialMenu.swift in Sources */,
				A21C293A1943707600514A22 /* RadialSubMenu.swift in Sources */,
			);
			runOnlyForDeploymentPostprocessing = 0;
		};
/* End PBXSourcesBuildPhase section */

/* Begin PBXTargetDependency section */
		A205B8C219415FDF00C0E5A3 /* PBXTargetDependency */ = {
			isa = PBXTargetDependency;
			target = A205B8AB19415FDE00C0E5A3 /* RadialMenu */;
			targetProxy = A205B8C119415FDF00C0E5A3 /* PBXContainerItemProxy */;
		};
		A2074500194ABBE000188433 /* PBXTargetDependency */ = {
			isa = PBXTargetDependency;
			target = A205B8AB19415FDE00C0E5A3 /* RadialMenu */;
			targetProxy = A20744FF194ABBE000188433 /* PBXContainerItemProxy */;
		};
		A24289B91943632F008DA89C /* PBXTargetDependency */ = {
			isa = PBXTargetDependency;
			target = A205B8AB19415FDE00C0E5A3 /* RadialMenu */;
			targetProxy = A24289B81943632F008DA89C /* PBXContainerItemProxy */;
		};
/* End PBXTargetDependency section */

/* Begin PBXVariantGroup section */
		A205B8B719415FDE00C0E5A3 /* Main.storyboard */ = {
			isa = PBXVariantGroup;
			children = (
				A205B8B819415FDE00C0E5A3 /* Base */,
			);
			name = Main.storyboard;
			sourceTree = "<group>";
		};
/* End PBXVariantGroup section */

/* Begin XCBuildConfiguration section */
		A205B8C819415FDF00C0E5A3 /* Debug */ = {
			isa = XCBuildConfiguration;
			buildSettings = {
				ALWAYS_SEARCH_USER_PATHS = NO;
				CLANG_CXX_LANGUAGE_STANDARD = "gnu++0x";
				CLANG_CXX_LIBRARY = "libc++";
				CLANG_ENABLE_MODULES = YES;
				CLANG_ENABLE_OBJC_ARC = YES;
				CLANG_WARN_BOOL_CONVERSION = YES;
				CLANG_WARN_CONSTANT_CONVERSION = YES;
				CLANG_WARN_DIRECT_OBJC_ISA_USAGE = YES_ERROR;
				CLANG_WARN_EMPTY_BODY = YES;
				CLANG_WARN_ENUM_CONVERSION = YES;
				CLANG_WARN_INT_CONVERSION = YES;
				CLANG_WARN_OBJC_ROOT_CLASS = YES_ERROR;
				CLANG_WARN_UNREACHABLE_CODE = YES;
				CLANG_WARN__DUPLICATE_METHOD_MATCH = YES;
				"CODE_SIGN_IDENTITY[sdk=iphoneos*]" = "iPhone Developer";
				COPY_PHASE_STRIP = NO;
				ENABLE_STRICT_OBJC_MSGSEND = YES;
				GCC_C_LANGUAGE_STANDARD = gnu99;
				GCC_DYNAMIC_NO_PIC = NO;
				GCC_OPTIMIZATION_LEVEL = 0;
				GCC_PREPROCESSOR_DEFINITIONS = (
					"DEBUG=1",
					"$(inherited)",
				);
				GCC_SYMBOLS_PRIVATE_EXTERN = NO;
				GCC_WARN_64_TO_32_BIT_CONVERSION = YES;
				GCC_WARN_ABOUT_RETURN_TYPE = YES_ERROR;
				GCC_WARN_UNDECLARED_SELECTOR = YES;
				GCC_WARN_UNINITIALIZED_AUTOS = YES_AGGRESSIVE;
				GCC_WARN_UNUSED_FUNCTION = YES;
				GCC_WARN_UNUSED_VARIABLE = YES;
				IPHONEOS_DEPLOYMENT_TARGET = 8.0;
				METAL_ENABLE_DEBUG_INFO = YES;
				ONLY_ACTIVE_ARCH = YES;
				SDKROOT = iphoneos;
				SWIFT_OPTIMIZATION_LEVEL = "-Onone";
				TARGETED_DEVICE_FAMILY = "1,2";
			};
			name = Debug;
		};
		A205B8C919415FDF00C0E5A3 /* Release */ = {
			isa = XCBuildConfiguration;
			buildSettings = {
				ALWAYS_SEARCH_USER_PATHS = NO;
				CLANG_CXX_LANGUAGE_STANDARD = "gnu++0x";
				CLANG_CXX_LIBRARY = "libc++";
				CLANG_ENABLE_MODULES = YES;
				CLANG_ENABLE_OBJC_ARC = YES;
				CLANG_WARN_BOOL_CONVERSION = YES;
				CLANG_WARN_CONSTANT_CONVERSION = YES;
				CLANG_WARN_DIRECT_OBJC_ISA_USAGE = YES_ERROR;
				CLANG_WARN_EMPTY_BODY = YES;
				CLANG_WARN_ENUM_CONVERSION = YES;
				CLANG_WARN_INT_CONVERSION = YES;
				CLANG_WARN_OBJC_ROOT_CLASS = YES_ERROR;
				CLANG_WARN_UNREACHABLE_CODE = YES;
				CLANG_WARN__DUPLICATE_METHOD_MATCH = YES;
				"CODE_SIGN_IDENTITY[sdk=iphoneos*]" = "iPhone Developer";
				COPY_PHASE_STRIP = YES;
				ENABLE_NS_ASSERTIONS = NO;
				ENABLE_STRICT_OBJC_MSGSEND = YES;
				GCC_C_LANGUAGE_STANDARD = gnu99;
				GCC_WARN_64_TO_32_BIT_CONVERSION = YES;
				GCC_WARN_ABOUT_RETURN_TYPE = YES_ERROR;
				GCC_WARN_UNDECLARED_SELECTOR = YES;
				GCC_WARN_UNINITIALIZED_AUTOS = YES_AGGRESSIVE;
				GCC_WARN_UNUSED_FUNCTION = YES;
				GCC_WARN_UNUSED_VARIABLE = YES;
				IPHONEOS_DEPLOYMENT_TARGET = 8.0;
				METAL_ENABLE_DEBUG_INFO = NO;
				SDKROOT = iphoneos;
				TARGETED_DEVICE_FAMILY = "1,2";
				VALIDATE_PRODUCT = YES;
			};
			name = Release;
		};
		A205B8CB19415FDF00C0E5A3 /* Debug */ = {
			isa = XCBuildConfiguration;
			baseConfigurationReference = 696BA227E8D745F988E911E4 /* Pods.xcconfig */;
			buildSettings = {
				ASSETCATALOG_COMPILER_APPICON_NAME = AppIcon;
				ASSETCATALOG_COMPILER_LAUNCHIMAGE_NAME = LaunchImage;
				INFOPLIST_FILE = "RadialMenuExample/Supporting Files/Info.plist";
				LD_RUNPATH_SEARCH_PATHS = "$(inherited) @executable_path/Frameworks";
				PRODUCT_NAME = "$(TARGET_NAME)";
			};
			name = Debug;
		};
		A205B8CC19415FDF00C0E5A3 /* Release */ = {
			isa = XCBuildConfiguration;
			baseConfigurationReference = 696BA227E8D745F988E911E4 /* Pods.xcconfig */;
			buildSettings = {
				ASSETCATALOG_COMPILER_APPICON_NAME = AppIcon;
				ASSETCATALOG_COMPILER_LAUNCHIMAGE_NAME = LaunchImage;
				INFOPLIST_FILE = "RadialMenuExample/Supporting Files/Info.plist";
				LD_RUNPATH_SEARCH_PATHS = "$(inherited) @executable_path/Frameworks";
				PRODUCT_NAME = "$(TARGET_NAME)";
			};
			name = Release;
		};
		A205B8CE19415FDF00C0E5A3 /* Debug */ = {
			isa = XCBuildConfiguration;
			buildSettings = {
				BUNDLE_LOADER = "$(BUILT_PRODUCTS_DIR)/RadialMenu.app/RadialMenu";
				FRAMEWORK_SEARCH_PATHS = (
					"$(SDKROOT)/Developer/Library/Frameworks",
					"$(inherited)",
				);
				GCC_PREPROCESSOR_DEFINITIONS = (
					"DEBUG=1",
					"$(inherited)",
				);
				INFOPLIST_FILE = "RadialMenuTests/Supporting Files/Info.plist";
				LD_RUNPATH_SEARCH_PATHS = "$(inherited) @executable_path/Frameworks @loader_path/Frameworks";
				METAL_ENABLE_DEBUG_INFO = YES;
				PRODUCT_NAME = "$(TARGET_NAME)";
				TEST_HOST = "$(BUNDLE_LOADER)";
			};
			name = Debug;
		};
		A205B8CF19415FDF00C0E5A3 /* Release */ = {
			isa = XCBuildConfiguration;
			buildSettings = {
				BUNDLE_LOADER = "$(BUILT_PRODUCTS_DIR)/RadialMenu.app/RadialMenu";
				FRAMEWORK_SEARCH_PATHS = (
					"$(SDKROOT)/Developer/Library/Frameworks",
					"$(inherited)",
				);
				INFOPLIST_FILE = "RadialMenuTests/Supporting Files/Info.plist";
				LD_RUNPATH_SEARCH_PATHS = "$(inherited) @executable_path/Frameworks @loader_path/Frameworks";
				METAL_ENABLE_DEBUG_INFO = NO;
				PRODUCT_NAME = "$(TARGET_NAME)";
				TEST_HOST = "$(BUNDLE_LOADER)";
			};
			name = Release;
		};
/* End XCBuildConfiguration section */

/* Begin XCConfigurationList section */
		A205B8A719415FDE00C0E5A3 /* Build configuration list for PBXProject "RadialMenu" */ = {
			isa = XCConfigurationList;
			buildConfigurations = (
				A205B8C819415FDF00C0E5A3 /* Debug */,
				A205B8C919415FDF00C0E5A3 /* Release */,
			);
			defaultConfigurationIsVisible = 0;
			defaultConfigurationName = Release;
		};
		A205B8CA19415FDF00C0E5A3 /* Build configuration list for PBXNativeTarget "RadialMenu" */ = {
			isa = XCConfigurationList;
			buildConfigurations = (
				A205B8CB19415FDF00C0E5A3 /* Debug */,
				A205B8CC19415FDF00C0E5A3 /* Release */,
			);
			defaultConfigurationIsVisible = 0;
			defaultConfigurationName = Release;
		};
		A205B8CD19415FDF00C0E5A3 /* Build configuration list for PBXNativeTarget "RadialMenuTests" */ = {
			isa = XCConfigurationList;
			buildConfigurations = (
				A205B8CE19415FDF00C0E5A3 /* Debug */,
				A205B8CF19415FDF00C0E5A3 /* Release */,
			);
			defaultConfigurationIsVisible = 0;
			defaultConfigurationName = Release;
		};
/* End XCConfigurationList section */
	};
	rootObject = A205B8A419415FDE00C0E5A3 /* Project object */;
}
