PODS:
  - pop (1.0.5)
  - POP+MCAnimate (1.1):
    - pop (~> 1.0)
    - POP+MCAnimate/Animations
    - POP+MCAnimate/Group
    - POP+MCAnimate/Internal
    - POP+MCAnimate/Shorthand
    - POP+MCAnimate/Velocity
  - POP+MCAnimate/Animations (1.1):
    - pop (~> 1.0)
    - POP+MCAnimate/Group
    - POP+MCAnimate/Internal
    - POP+MCAnimate/Shorthand
    - POP+MCAnimate/Velocity
  - POP+MCAnimate/Group (1.1):
    - pop (~> 1.0)
  - POP+MCAnimate/Internal (1.1):
    - pop (~> 1.0)
  - POP+MCAnimate/Shorthand (1.1):
    - pop (~> 1.0)
  - POP+MCAnimate/Velocity (1.1):
    - pop (~> 1.0)
    - POP+MCAnimate/Internal
  - PureLayout (1.0.1)
  - Tweaks (1.1.0)
  - UIColor-CrossFade (1.1.0)

DEPENDENCIES:
  - pop (from `https://github.com/facebook/pop.git`)
  - POP+MCAnimate
  - PureLayout
  - Tweaks
  - UIColor-CrossFade

EXTERNAL SOURCES:
  pop:
    :git: https://github.com/facebook/pop.git

SPEC CHECKSUMS:
  pop: b4720ddec3fb20abeb378c3feaadd18b27988bc1
  POP+MCAnimate: 3ad540606cbf21547f79585c8d5b63f9da69d52b
  PureLayout: 972964b21dbcbc5cc36785aed16aba03176f057d
  Tweaks: 05b197d4a1247288f576587546bc1932189d8c98
  UIColor-CrossFade: a0bc76620fd46da2c9af1bf072c994cf916613d7

COCOAPODS: 0.33.1
